{
  "name": "IllegalDumpSiteDetectionAndLandfillMonitoring",
  "lockfileVersion": 3,
  "requires": true,
  "packages": {
    "": {
      "dependencies": {
        "typeface-source-sans-pro": "^1.1.13"
      }
    },
    "node_modules/typeface-source-sans-pro": {
      "version": "1.1.13",
      "resolved": "https://registry.npmjs.org/typeface-source-sans-pro/-/typeface-source-sans-pro-1.1.13.tgz",
      "integrity": "sha512-eCczLh0FYByjVoMxZVDfSSTI8A6qJOBJftgWBVJL63AuemQTTvMU8DEk6ud/TQhkbIwWZ3A7ll/NfS9yI0lIrQ==",
      "license": "MIT"
    }
  }
}
